
Microsoft Visual Studio Solution File, Format Version 12.00
# Visual Studio Version 16
VisualStudioVersion = 16.0.31025.218
MinimumVisualStudioVersion = 10.0.40219.1
Project("{9A19103F-16F7-4668-BE54-9A1E7A4F7556}") = "FrostLand.Model", "FrostLand.Model\FrostLand.Model.csproj", "{D6023452-E39A-4414-ABF2-9612B1F44825}"
EndProject
Project("{9A19103F-16F7-4668-BE54-9A1E7A4F7556}") = "FrostLand.SqlLite", "FrostLand.SqlLite\FrostLand.SqlLite.csproj", "{47EDF05E-6BAF-4B78-A6B8-00669E77CF46}"
EndProject
Project("{9A19103F-16F7-4668-BE54-9A1E7A4F7556}") = "FrostLand.WebApi", "FrostLand.WebApi\FrostLand.WebApi.csproj", "{2A631B3F-70E0-4983-AF0A-965BCED0CA5E}"
EndProject
Project("{FAE04EC0-301F-11D3-BF4B-00C04F79EFBC}") = "FrostLand.Core", "FrostLand.Core\FrostLand.Core.csproj", "{AD7D0C1D-4A39-4C66-B3B1-245DFEC2DE57}"
EndProject
Global
	GlobalSection(SolutionConfigurationPlatforms) = preSolution
		Debug|Any CPU = Debug|Any CPU
		Release|Any CPU = Release|Any CPU
	EndGlobalSection
	GlobalSection(ProjectConfigurationPlatforms) = postSolution
		{D6023452-E39A-4414-ABF2-9612B1F44825}.Debug|Any CPU.ActiveCfg = Debug|Any CPU
		{D6023452-E39A-4414-ABF2-9612B1F44825}.Debug|Any CPU.Build.0 = Debug|Any CPU
		{D6023452-E39A-4414-ABF2-9612B1F44825}.Release|Any CPU.ActiveCfg = Release|Any CPU
		{D6023452-E39A-4414-ABF2-9612B1F44825}.Release|Any CPU.Build.0 = Release|Any CPU
		{47EDF05E-6BAF-4B78-A6B8-00669E77CF46}.Debug|Any CPU.ActiveCfg = Debug|Any CPU
		{47EDF05E-6BAF-4B78-A6B8-00669E77CF46}.Debug|Any CPU.Build.0 = Debug|Any CPU
		{47EDF05E-6BAF-4B78-A6B8-00669E77CF46}.Release|Any CPU.ActiveCfg = Release|Any CPU
		{47EDF05E-6BAF-4B78-A6B8-00669E77CF46}.Release|Any CPU.Build.0 = Release|Any CPU
		{2A631B3F-70E0-4983-AF0A-965BCED0CA5E}.Debug|Any CPU.ActiveCfg = Debug|Any CPU
		{2A631B3F-70E0-4983-AF0A-965BCED0CA5E}.Debug|Any CPU.Build.0 = Debug|Any CPU
		{2A631B3F-70E0-4983-AF0A-965BCED0CA5E}.Release|Any CPU.ActiveCfg = Release|Any CPU
		{2A631B3F-70E0-4983-AF0A-965BCED0CA5E}.Release|Any CPU.Build.0 = Release|Any CPU
		{AD7D0C1D-4A39-4C66-B3B1-245DFEC2DE57}.Debug|Any CPU.ActiveCfg = Debug|Any CPU
		{AD7D0C1D-4A39-4C66-B3B1-245DFEC2DE57}.Debug|Any CPU.Build.0 = Debug|Any CPU
		{AD7D0C1D-4A39-4C66-B3B1-245DFEC2DE57}.Release|Any CPU.ActiveCfg = Release|Any CPU
		{AD7D0C1D-4A39-4C66-B3B1-245DFEC2DE57}.Release|Any CPU.Build.0 = Release|Any CPU
	EndGlobalSection
	GlobalSection(SolutionProperties) = preSolution
		HideSolutionNode = FALSE
	EndGlobalSection
	GlobalSection(ExtensibilityGlobals) = postSolution
		SolutionGuid = {8F9EA2F6-617C-4658-A03F-E033F46CB678}
	EndGlobalSection
EndGlobal
