
Microsoft Visual Studio Solution File, Format Version 12.00
# Visual Studio Version 16
VisualStudioVersion = 16.0.31025.218
MinimumVisualStudioVersion = 10.0.40219.1
Project("{9A19103F-16F7-4668-BE54-9A1E7A4F7556}") = "FrostLand.Model", "FrostLand.Model\FrostLand.Model.csproj", "{D6023452-E39A-4414-ABF2-9612B1F44825}"
EndProject
Project("{9A19103F-16F7-4668-BE54-9A1E7A4F7556}") = "FrostLand.SqlLite", "FrostLand.SqlLite\FrostLand.SqlLite.csproj", "{47EDF05E-6BAF-4B78-A6B8-00669E77CF46}"
EndProject
Project("{9A19103F-16F7-4668-BE54-9A1E7A4F7556}") = "FrostLand.Core", "FrostLand.Core\FrostLand.Core.csproj", "{AD7D0C1D-4A39-4C66-B3B1-245DFEC2DE57}"
EndProject
Project("{9A19103F-16F7-4668-BE54-9A1E7A4F7556}") = "FrostLand.Web", "FrostLand.Web\FrostLand.Web.csproj", "{80BFDF3A-7099-48A9-AE85-19BE7603DB7A}"
EndProject
Project("{9A19103F-16F7-4668-BE54-9A1E7A4F7556}") = "FrostLand.Runtime", "FrostLand.Runtime\FrostLand.Runtime.csproj", "{3CD100A5-F04F-4283-B6A1-B302CE6E9160}"
EndProject
Project("{9A19103F-16F7-4668-BE54-9A1E7A4F7556}") = "FrostLand.Runtime.Generators", "FrostLand.Runtime.Generators\FrostLand.Runtime.Generators.csproj", "{BDA1253E-955E-414C-AECD-874598ED7558}"
EndProject
Project("{9A19103F-16F7-4668-BE54-9A1E7A4F7556}") = "FrostLand.Model.Generators", "FrostLand.Model.Generators\FrostLand.Model.Generators.csproj", "{4FA30AB2-B05F-4CC6-88F0-91276FFF1846}"
EndProject
Project("{FAE04EC0-301F-11D3-BF4B-00C04F79EFBC}") = "FrostLand.Generator.Tests", "FrostLand.Generator.Tests\FrostLand.Generator.Tests.csproj", "{5776ADCE-FD3B-4D5D-BBF8-3823447A53B9}"
EndProject
Project("{FAE04EC0-301F-11D3-BF4B-00C04F79EFBC}") = "FrostLand.Web.Generators", "FrostLand.Web.Generators\FrostLand.Web.Generators.csproj", "{0807CB10-4BEE-4EB0-BFDF-20BE5D664F7B}"
EndProject
Global
	GlobalSection(SolutionConfigurationPlatforms) = preSolution
		Debug|Any CPU = Debug|Any CPU
		Release|Any CPU = Release|Any CPU
	EndGlobalSection
	GlobalSection(ProjectConfigurationPlatforms) = postSolution
		{D6023452-E39A-4414-ABF2-9612B1F44825}.Debug|Any CPU.ActiveCfg = Debug|Any CPU
		{D6023452-E39A-4414-ABF2-9612B1F44825}.Debug|Any CPU.Build.0 = Debug|Any CPU
		{D6023452-E39A-4414-ABF2-9612B1F44825}.Release|Any CPU.ActiveCfg = Release|Any CPU
		{D6023452-E39A-4414-ABF2-9612B1F44825}.Release|Any CPU.Build.0 = Release|Any CPU
		{47EDF05E-6BAF-4B78-A6B8-00669E77CF46}.Debug|Any CPU.ActiveCfg = Debug|Any CPU
		{47EDF05E-6BAF-4B78-A6B8-00669E77CF46}.Debug|Any CPU.Build.0 = Debug|Any CPU
		{47EDF05E-6BAF-4B78-A6B8-00669E77CF46}.Release|Any CPU.ActiveCfg = Release|Any CPU
		{47EDF05E-6BAF-4B78-A6B8-00669E77CF46}.Release|Any CPU.Build.0 = Release|Any CPU
		{AD7D0C1D-4A39-4C66-B3B1-245DFEC2DE57}.Debug|Any CPU.ActiveCfg = Debug|Any CPU
		{AD7D0C1D-4A39-4C66-B3B1-245DFEC2DE57}.Debug|Any CPU.Build.0 = Debug|Any CPU
		{AD7D0C1D-4A39-4C66-B3B1-245DFEC2DE57}.Release|Any CPU.ActiveCfg = Release|Any CPU
		{AD7D0C1D-4A39-4C66-B3B1-245DFEC2DE57}.Release|Any CPU.Build.0 = Release|Any CPU
		{80BFDF3A-7099-48A9-AE85-19BE7603DB7A}.Debug|Any CPU.ActiveCfg = Debug|Any CPU
		{80BFDF3A-7099-48A9-AE85-19BE7603DB7A}.Debug|Any CPU.Build.0 = Debug|Any CPU
		{80BFDF3A-7099-48A9-AE85-19BE7603DB7A}.Release|Any CPU.ActiveCfg = Release|Any CPU
		{80BFDF3A-7099-48A9-AE85-19BE7603DB7A}.Release|Any CPU.Build.0 = Release|Any CPU
		{3CD100A5-F04F-4283-B6A1-B302CE6E9160}.Debug|Any CPU.ActiveCfg = Debug|Any CPU
		{3CD100A5-F04F-4283-B6A1-B302CE6E9160}.Debug|Any CPU.Build.0 = Debug|Any CPU
		{3CD100A5-F04F-4283-B6A1-B302CE6E9160}.Release|Any CPU.ActiveCfg = Release|Any CPU
		{3CD100A5-F04F-4283-B6A1-B302CE6E9160}.Release|Any CPU.Build.0 = Release|Any CPU
		{BDA1253E-955E-414C-AECD-874598ED7558}.Debug|Any CPU.ActiveCfg = Debug|Any CPU
		{BDA1253E-955E-414C-AECD-874598ED7558}.Debug|Any CPU.Build.0 = Debug|Any CPU
		{BDA1253E-955E-414C-AECD-874598ED7558}.Release|Any CPU.ActiveCfg = Release|Any CPU
		{BDA1253E-955E-414C-AECD-874598ED7558}.Release|Any CPU.Build.0 = Release|Any CPU
		{4FA30AB2-B05F-4CC6-88F0-91276FFF1846}.Debug|Any CPU.ActiveCfg = Debug|Any CPU
		{4FA30AB2-B05F-4CC6-88F0-91276FFF1846}.Debug|Any CPU.Build.0 = Debug|Any CPU
		{4FA30AB2-B05F-4CC6-88F0-91276FFF1846}.Release|Any CPU.ActiveCfg = Release|Any CPU
		{4FA30AB2-B05F-4CC6-88F0-91276FFF1846}.Release|Any CPU.Build.0 = Release|Any CPU
		{5776ADCE-FD3B-4D5D-BBF8-3823447A53B9}.Debug|Any CPU.ActiveCfg = Debug|Any CPU
		{5776ADCE-FD3B-4D5D-BBF8-3823447A53B9}.Debug|Any CPU.Build.0 = Debug|Any CPU
		{5776ADCE-FD3B-4D5D-BBF8-3823447A53B9}.Release|Any CPU.ActiveCfg = Release|Any CPU
		{5776ADCE-FD3B-4D5D-BBF8-3823447A53B9}.Release|Any CPU.Build.0 = Release|Any CPU
		{0807CB10-4BEE-4EB0-BFDF-20BE5D664F7B}.Debug|Any CPU.ActiveCfg = Debug|Any CPU
		{0807CB10-4BEE-4EB0-BFDF-20BE5D664F7B}.Debug|Any CPU.Build.0 = Debug|Any CPU
		{0807CB10-4BEE-4EB0-BFDF-20BE5D664F7B}.Release|Any CPU.ActiveCfg = Release|Any CPU
		{0807CB10-4BEE-4EB0-BFDF-20BE5D664F7B}.Release|Any CPU.Build.0 = Release|Any CPU
	EndGlobalSection
	GlobalSection(SolutionProperties) = preSolution
		HideSolutionNode = FALSE
	EndGlobalSection
	GlobalSection(ExtensibilityGlobals) = postSolution
		SolutionGuid = {8F9EA2F6-617C-4658-A03F-E033F46CB678}
	EndGlobalSection
EndGlobal
